// !$*UTF8*$!
{
	archiveVersion = 1;
	classes = {
	};
	objectVersion = 50;
	objects = {

/* Begin PBXBuildFile section */
		3262E67BD6BF53037B36E944 /* Pods_MedicalApp.framework in Frameworks */ = {isa = PBXBuildFile; fileRef = FC990FF77DD356B1DC0631FE /* Pods_MedicalApp.framework */; };
		551F3876231812D100C605D3 /* MedicalAppTests.swift in Sources */ = {isa = PBXBuildFile; fileRef = 551F3875231812D100C605D3 /* MedicalAppTests.swift */; };
		5528F82523076B41006FAF58 /* AppError.swift in Sources */ = {isa = PBXBuildFile; fileRef = 5528F82423076B41006FAF58 /* AppError.swift */; };
		5528F82723076D17006FAF58 /* NetworkHelper.swift in Sources */ = {isa = PBXBuildFile; fileRef = 5528F82623076D17006FAF58 /* NetworkHelper.swift */; };
		5528F82923076D5C006FAF58 /* InfermedicaDiagnosisAPI.swift in Sources */ = {isa = PBXBuildFile; fileRef = 5528F82823076D5C006FAF58 /* InfermedicaDiagnosisAPI.swift */; };
		5528F82C230771C0006FAF58 /* GoogleService-Info.plist in Resources */ = {isa = PBXBuildFile; fileRef = 5528F82B230771C0006FAF58 /* GoogleService-Info.plist */; };
		5528F82F230779C2006FAF58 /* AuthService.swift in Sources */ = {isa = PBXBuildFile; fileRef = 5528F82E230779C2006FAF58 /* AuthService.swift */; };
		5528F83423077AC3006FAF58 /* User.swift in Sources */ = {isa = PBXBuildFile; fileRef = 5528F83323077AC3006FAF58 /* User.swift */; };
		5528F83623078027006FAF58 /* NewUser.storyboard in Resources */ = {isa = PBXBuildFile; fileRef = 5528F83523078027006FAF58 /* NewUser.storyboard */; };
		5528F839230A6BD6006FAF58 /* NewUserDefaultViewController.swift in Sources */ = {isa = PBXBuildFile; fileRef = 5528F838230A6BD6006FAF58 /* NewUserDefaultViewController.swift */; };
		5528F83B230CB80C006FAF58 /* UserInfoViewController.swift in Sources */ = {isa = PBXBuildFile; fileRef = 5528F83A230CB80C006FAF58 /* UserInfoViewController.swift */; };
		5528F83E230CB921006FAF58 /* GenderCollectionViewCell.swift in Sources */ = {isa = PBXBuildFile; fileRef = 5528F83D230CB921006FAF58 /* GenderCollectionViewCell.swift */; };
		5528F840230CB9F4006FAF58 /* UserInfo.swift in Sources */ = {isa = PBXBuildFile; fileRef = 5528F83F230CB9F4006FAF58 /* UserInfo.swift */; };
		553309BA230DC58B00B9BC49 /* UserSetUpInfo.xib in Resources */ = {isa = PBXBuildFile; fileRef = 553309B9230DC58B00B9BC49 /* UserSetUpInfo.xib */; };
		553309BF230DCB2800B9BC49 /* GenderCardUIView.swift in Sources */ = {isa = PBXBuildFile; fileRef = 553309BE230DCB2800B9BC49 /* GenderCardUIView.swift */; };
		553309C1230DCB4400B9BC49 /* NameCardUIView.swift in Sources */ = {isa = PBXBuildFile; fileRef = 553309C0230DCB4400B9BC49 /* NameCardUIView.swift */; };
		5591775C2305E20600583DEC /* AppDelegate.swift in Sources */ = {isa = PBXBuildFile; fileRef = 5591775B2305E20600583DEC /* AppDelegate.swift */; };
		5591775E2305E20600583DEC /* ViewController.swift in Sources */ = {isa = PBXBuildFile; fileRef = 5591775D2305E20600583DEC /* ViewController.swift */; };
		559177612305E20600583DEC /* Main.storyboard in Resources */ = {isa = PBXBuildFile; fileRef = 5591775F2305E20600583DEC /* Main.storyboard */; };
		559177632305E20700583DEC /* Assets.xcassets in Resources */ = {isa = PBXBuildFile; fileRef = 559177622305E20700583DEC /* Assets.xcassets */; };
		559177662305E20700583DEC /* LaunchScreen.storyboard in Resources */ = {isa = PBXBuildFile; fileRef = 559177642305E20700583DEC /* LaunchScreen.storyboard */; };
		55955A432310B28600181C1C /* AccountViewController.swift in Sources */ = {isa = PBXBuildFile; fileRef = 55955A422310B28600181C1C /* AccountViewController.swift */; };
		55955A452316122C00181C1C /* SymptomsViewController.swift in Sources */ = {isa = PBXBuildFile; fileRef = 55955A442316122C00181C1C /* SymptomsViewController.swift */; };
		55955A4723161A8B00181C1C /* InfermedicalSearchSymptoms.swift in Sources */ = {isa = PBXBuildFile; fileRef = 55955A4623161A8B00181C1C /* InfermedicalSearchSymptoms.swift */; };
		55955A4923161D8300181C1C /* SecretKey.swift in Sources */ = {isa = PBXBuildFile; fileRef = 55955A4823161D8300181C1C /* SecretKey.swift */; };
		55955A4B23161E2D00181C1C /* UserBasicInfoForAPI.swift in Sources */ = {isa = PBXBuildFile; fileRef = 55955A4A23161E2D00181C1C /* UserBasicInfoForAPI.swift */; };
		55955A4D23161F0900181C1C /* SymptomsModel.swift in Sources */ = {isa = PBXBuildFile; fileRef = 55955A4C23161F0900181C1C /* SymptomsModel.swift */; };
		55955A4F231707E000181C1C /* SymptomsTableViewCell.swift in Sources */ = {isa = PBXBuildFile; fileRef = 55955A4E231707E000181C1C /* SymptomsTableViewCell.swift */; };
		55955A5123174DB500181C1C /* HumanSymptomsTableViewCell.swift in Sources */ = {isa = PBXBuildFile; fileRef = 55955A5023174DB500181C1C /* HumanSymptomsTableViewCell.swift */; };
		55E56864230DFE28002E1767 /* nameUIView.xib in Resources */ = {isa = PBXBuildFile; fileRef = 55E56863230DFE28002E1767 /* nameUIView.xib */; };
		55E56866230DFFEA002E1767 /* yearUIView.xib in Resources */ = {isa = PBXBuildFile; fileRef = 55E56865230DFFEA002E1767 /* yearUIView.xib */; };
		55E56868230E000F002E1767 /* YearCardUIVView.swift in Sources */ = {isa = PBXBuildFile; fileRef = 55E56867230E000F002E1767 /* YearCardUIVView.swift */; };
		55E5686A230E0333002E1767 /* emailUIView.xib in Resources */ = {isa = PBXBuildFile; fileRef = 55E56869230E0333002E1767 /* emailUIView.xib */; };
		55E5686C230E0429002E1767 /* emialCardUIView.swift in Sources */ = {isa = PBXBuildFile; fileRef = 55E5686B230E0429002E1767 /* emialCardUIView.swift */; };
		A940B51C23C92CEF00E5FA21 /* HumanSymptomsCollectionViewCell.swift in Sources */ = {isa = PBXBuildFile; fileRef = A940B51B23C92CEF00E5FA21 /* HumanSymptomsCollectionViewCell.swift */; };
		A9C8326D23CF9B7D00FA72D2 /* String+Extension.swift in Sources */ = {isa = PBXBuildFile; fileRef = A9C8326C23CF9B7D00FA72D2 /* String+Extension.swift */; };
		A9E68F8523DF9C91002D2996 /* BubbleCode.swift in Sources */ = {isa = PBXBuildFile; fileRef = A9E68F8423DF9C90002D2996 /* BubbleCode.swift */; };
		A9E68F8723DFFC04002D2996 /* DiagnosisViewController.swift in Sources */ = {isa = PBXBuildFile; fileRef = A9E68F8623DFFC04002D2996 /* DiagnosisViewController.swift */; };
/* End PBXBuildFile section */

/* Begin PBXContainerItemProxy section */
		551F3878231812D100C605D3 /* PBXContainerItemProxy */ = {
			isa = PBXContainerItemProxy;
			containerPortal = 559177502305E20500583DEC /* Project object */;
			proxyType = 1;
			remoteGlobalIDString = 559177572305E20600583DEC;
			remoteInfo = MedicalApp;
		};
/* End PBXContainerItemProxy section */

/* Begin PBXFileReference section */
		0ECBB905A5048C03247AC47D /* Pods-MedicalApp.debug.xcconfig */ = {isa = PBXFileReference; includeInIndex = 1; lastKnownFileType = text.xcconfig; name = "Pods-MedicalApp.debug.xcconfig"; path = "Target Support Files/Pods-MedicalApp/Pods-MedicalApp.debug.xcconfig"; sourceTree = "<group>"; };
		1A308C3AB6AB8F973B7ACAD8 /* Pods-MedicalApp.release.xcconfig */ = {isa = PBXFileReference; includeInIndex = 1; lastKnownFileType = text.xcconfig; name = "Pods-MedicalApp.release.xcconfig"; path = "Target Support Files/Pods-MedicalApp/Pods-MedicalApp.release.xcconfig"; sourceTree = "<group>"; };
		551F3873231812D100C605D3 /* MedicalAppTests.xctest */ = {isa = PBXFileReference; explicitFileType = wrapper.cfbundle; includeInIndex = 0; path = MedicalAppTests.xctest; sourceTree = BUILT_PRODUCTS_DIR; };
		551F3875231812D100C605D3 /* MedicalAppTests.swift */ = {isa = PBXFileReference; lastKnownFileType = sourcecode.swift; path = MedicalAppTests.swift; sourceTree = "<group>"; };
		551F3877231812D100C605D3 /* Info.plist */ = {isa = PBXFileReference; lastKnownFileType = text.plist.xml; path = Info.plist; sourceTree = "<group>"; };
		5528F82423076B41006FAF58 /* AppError.swift */ = {isa = PBXFileReference; lastKnownFileType = sourcecode.swift; path = AppError.swift; sourceTree = "<group>"; };
		5528F82623076D17006FAF58 /* NetworkHelper.swift */ = {isa = PBXFileReference; lastKnownFileType = sourcecode.swift; path = NetworkHelper.swift; sourceTree = "<group>"; };
		5528F82823076D5C006FAF58 /* InfermedicaDiagnosisAPI.swift */ = {isa = PBXFileReference; lastKnownFileType = sourcecode.swift; path = InfermedicaDiagnosisAPI.swift; sourceTree = "<group>"; };
		5528F82B230771C0006FAF58 /* GoogleService-Info.plist */ = {isa = PBXFileReference; fileEncoding = 4; lastKnownFileType = text.plist.xml; path = "GoogleService-Info.plist"; sourceTree = "<group>"; };
		5528F82E230779C2006FAF58 /* AuthService.swift */ = {isa = PBXFileReference; lastKnownFileType = sourcecode.swift; path = AuthService.swift; sourceTree = "<group>"; };
		5528F83323077AC3006FAF58 /* User.swift */ = {isa = PBXFileReference; lastKnownFileType = sourcecode.swift; path = User.swift; sourceTree = "<group>"; };
		5528F83523078027006FAF58 /* NewUser.storyboard */ = {isa = PBXFileReference; lastKnownFileType = file.storyboard; path = NewUser.storyboard; sourceTree = "<group>"; };
		5528F838230A6BD6006FAF58 /* NewUserDefaultViewController.swift */ = {isa = PBXFileReference; lastKnownFileType = sourcecode.swift; path = NewUserDefaultViewController.swift; sourceTree = "<group>"; };
		5528F83A230CB80C006FAF58 /* UserInfoViewController.swift */ = {isa = PBXFileReference; lastKnownFileType = sourcecode.swift; path = UserInfoViewController.swift; sourceTree = "<group>"; };
		5528F83D230CB921006FAF58 /* GenderCollectionViewCell.swift */ = {isa = PBXFileReference; lastKnownFileType = sourcecode.swift; path = GenderCollectionViewCell.swift; sourceTree = "<group>"; };
		5528F83F230CB9F4006FAF58 /* UserInfo.swift */ = {isa = PBXFileReference; lastKnownFileType = sourcecode.swift; path = UserInfo.swift; sourceTree = "<group>"; };
		553309B9230DC58B00B9BC49 /* UserSetUpInfo.xib */ = {isa = PBXFileReference; lastKnownFileType = file.xib; path = UserSetUpInfo.xib; sourceTree = "<group>"; };
		553309BE230DCB2800B9BC49 /* GenderCardUIView.swift */ = {isa = PBXFileReference; lastKnownFileType = sourcecode.swift; path = GenderCardUIView.swift; sourceTree = "<group>"; };
		553309C0230DCB4400B9BC49 /* NameCardUIView.swift */ = {isa = PBXFileReference; lastKnownFileType = sourcecode.swift; path = NameCardUIView.swift; sourceTree = "<group>"; };
		559177582305E20600583DEC /* MedicalApp.app */ = {isa = PBXFileReference; explicitFileType = wrapper.application; includeInIndex = 0; path = MedicalApp.app; sourceTree = BUILT_PRODUCTS_DIR; };
		5591775B2305E20600583DEC /* AppDelegate.swift */ = {isa = PBXFileReference; lastKnownFileType = sourcecode.swift; path = AppDelegate.swift; sourceTree = "<group>"; };
		5591775D2305E20600583DEC /* ViewController.swift */ = {isa = PBXFileReference; lastKnownFileType = sourcecode.swift; path = ViewController.swift; sourceTree = "<group>"; };
		559177602305E20600583DEC /* Base */ = {isa = PBXFileReference; lastKnownFileType = file.storyboard; name = Base; path = Base.lproj/Main.storyboard; sourceTree = "<group>"; };
		559177622305E20700583DEC /* Assets.xcassets */ = {isa = PBXFileReference; lastKnownFileType = folder.assetcatalog; path = Assets.xcassets; sourceTree = "<group>"; };
		559177652305E20700583DEC /* Base */ = {isa = PBXFileReference; lastKnownFileType = file.storyboard; name = Base; path = Base.lproj/LaunchScreen.storyboard; sourceTree = "<group>"; };
		559177672305E20700583DEC /* Info.plist */ = {isa = PBXFileReference; lastKnownFileType = text.plist.xml; path = Info.plist; sourceTree = "<group>"; };
		55955A422310B28600181C1C /* AccountViewController.swift */ = {isa = PBXFileReference; lastKnownFileType = sourcecode.swift; path = AccountViewController.swift; sourceTree = "<group>"; };
		55955A442316122C00181C1C /* SymptomsViewController.swift */ = {isa = PBXFileReference; lastKnownFileType = sourcecode.swift; path = SymptomsViewController.swift; sourceTree = "<group>"; };
		55955A4623161A8B00181C1C /* InfermedicalSearchSymptoms.swift */ = {isa = PBXFileReference; lastKnownFileType = sourcecode.swift; path = InfermedicalSearchSymptoms.swift; sourceTree = "<group>"; };
		55955A4823161D8300181C1C /* SecretKey.swift */ = {isa = PBXFileReference; lastKnownFileType = sourcecode.swift; path = SecretKey.swift; sourceTree = "<group>"; };
		55955A4A23161E2D00181C1C /* UserBasicInfoForAPI.swift */ = {isa = PBXFileReference; lastKnownFileType = sourcecode.swift; path = UserBasicInfoForAPI.swift; sourceTree = "<group>"; };
		55955A4C23161F0900181C1C /* SymptomsModel.swift */ = {isa = PBXFileReference; lastKnownFileType = sourcecode.swift; path = SymptomsModel.swift; sourceTree = "<group>"; };
		55955A4E231707E000181C1C /* SymptomsTableViewCell.swift */ = {isa = PBXFileReference; lastKnownFileType = sourcecode.swift; path = SymptomsTableViewCell.swift; sourceTree = "<group>"; };
		55955A5023174DB500181C1C /* HumanSymptomsTableViewCell.swift */ = {isa = PBXFileReference; lastKnownFileType = sourcecode.swift; path = HumanSymptomsTableViewCell.swift; sourceTree = "<group>"; };
		55E56863230DFE28002E1767 /* nameUIView.xib */ = {isa = PBXFileReference; lastKnownFileType = file.xib; path = nameUIView.xib; sourceTree = "<group>"; };
		55E56865230DFFEA002E1767 /* yearUIView.xib */ = {isa = PBXFileReference; lastKnownFileType = file.xib; path = yearUIView.xib; sourceTree = "<group>"; };
		55E56867230E000F002E1767 /* YearCardUIVView.swift */ = {isa = PBXFileReference; lastKnownFileType = sourcecode.swift; path = YearCardUIVView.swift; sourceTree = "<group>"; };
		55E56869230E0333002E1767 /* emailUIView.xib */ = {isa = PBXFileReference; lastKnownFileType = file.xib; path = emailUIView.xib; sourceTree = "<group>"; };
		55E5686B230E0429002E1767 /* emialCardUIView.swift */ = {isa = PBXFileReference; lastKnownFileType = sourcecode.swift; path = emialCardUIView.swift; sourceTree = "<group>"; };
		A940B51B23C92CEF00E5FA21 /* HumanSymptomsCollectionViewCell.swift */ = {isa = PBXFileReference; lastKnownFileType = sourcecode.swift; path = HumanSymptomsCollectionViewCell.swift; sourceTree = "<group>"; };
		A9C8326C23CF9B7D00FA72D2 /* String+Extension.swift */ = {isa = PBXFileReference; lastKnownFileType = sourcecode.swift; path = "String+Extension.swift"; sourceTree = "<group>"; };
		A9E68F8423DF9C90002D2996 /* BubbleCode.swift */ = {isa = PBXFileReference; lastKnownFileType = sourcecode.swift; path = BubbleCode.swift; sourceTree = "<group>"; };
		A9E68F8623DFFC04002D2996 /* DiagnosisViewController.swift */ = {isa = PBXFileReference; lastKnownFileType = sourcecode.swift; path = DiagnosisViewController.swift; sourceTree = "<group>"; };
		FC990FF77DD356B1DC0631FE /* Pods_MedicalApp.framework */ = {isa = PBXFileReference; explicitFileType = wrapper.framework; includeInIndex = 0; path = Pods_MedicalApp.framework; sourceTree = BUILT_PRODUCTS_DIR; };
/* End PBXFileReference section */

/* Begin PBXFrameworksBuildPhase section */
		551F3870231812D100C605D3 /* Frameworks */ = {
			isa = PBXFrameworksBuildPhase;
			buildActionMask = 2147483647;
			files = (
			);
			runOnlyForDeploymentPostprocessing = 0;
		};
		559177552305E20600583DEC /* Frameworks */ = {
			isa = PBXFrameworksBuildPhase;
			buildActionMask = 2147483647;
			files = (
				3262E67BD6BF53037B36E944 /* Pods_MedicalApp.framework in Frameworks */,
			);
			runOnlyForDeploymentPostprocessing = 0;
		};
/* End PBXFrameworksBuildPhase section */

/* Begin PBXGroup section */
		2FF8735FD4F99DE921589802 /* Pods */ = {
			isa = PBXGroup;
			children = (
				0ECBB905A5048C03247AC47D /* Pods-MedicalApp.debug.xcconfig */,
				1A308C3AB6AB8F973B7ACAD8 /* Pods-MedicalApp.release.xcconfig */,
			);
			path = Pods;
			sourceTree = "<group>";
		};
		551F3874231812D100C605D3 /* MedicalAppTests */ = {
			isa = PBXGroup;
			children = (
				551F3875231812D100C605D3 /* MedicalAppTests.swift */,
				551F3877231812D100C605D3 /* Info.plist */,
			);
			path = MedicalAppTests;
			sourceTree = "<group>";
		};
		5528F81F23076905006FAF58 /* View Controller */ = {
			isa = PBXGroup;
			children = (
				5591775D2305E20600583DEC /* ViewController.swift */,
				55955A422310B28600181C1C /* AccountViewController.swift */,
				55955A442316122C00181C1C /* SymptomsViewController.swift */,
				A9E68F8623DFFC04002D2996 /* DiagnosisViewController.swift */,
			);
			path = "View Controller";
			sourceTree = "<group>";
		};
		5528F82023076922006FAF58 /* Supporting Files */ = {
			isa = PBXGroup;
			children = (
				5591775B2305E20600583DEC /* AppDelegate.swift */,
				559177622305E20700583DEC /* Assets.xcassets */,
			);
			path = "Supporting Files";
			sourceTree = "<group>";
		};
		5528F8212307693B006FAF58 /* Story Board */ = {
			isa = PBXGroup;
			children = (
				5591775F2305E20600583DEC /* Main.storyboard */,
				5528F83523078027006FAF58 /* NewUser.storyboard */,
				559177642305E20700583DEC /* LaunchScreen.storyboard */,
			);
			path = "Story Board";
			sourceTree = "<group>";
		};
		5528F8222307694E006FAF58 /* Cells */ = {
			isa = PBXGroup;
			children = (
				55955A4E231707E000181C1C /* SymptomsTableViewCell.swift */,
				55955A5023174DB500181C1C /* HumanSymptomsTableViewCell.swift */,
				A940B51B23C92CEF00E5FA21 /* HumanSymptomsCollectionViewCell.swift */,
				A9E68F8423DF9C90002D2996 /* BubbleCode.swift */,
			);
			name = Cells;
			sourceTree = "<group>";
		};
		5528F82323076B23006FAF58 /* Network Helper */ = {
			isa = PBXGroup;
			children = (
				5528F82423076B41006FAF58 /* AppError.swift */,
				5528F82623076D17006FAF58 /* NetworkHelper.swift */,
			);
			name = "Network Helper";
			sourceTree = "<group>";
		};
		5528F82A23076D60006FAF58 /* API */ = {
			isa = PBXGroup;
			children = (
				5528F82823076D5C006FAF58 /* InfermedicaDiagnosisAPI.swift */,
				55955A4623161A8B00181C1C /* InfermedicalSearchSymptoms.swift */,
				55955A4823161D8300181C1C /* SecretKey.swift */,
				55955A4A23161E2D00181C1C /* UserBasicInfoForAPI.swift */,
			);
			name = API;
			sourceTree = "<group>";
		};
		5528F82D2307799E006FAF58 /* Firebase Helper */ = {
			isa = PBXGroup;
			children = (
				5528F82E230779C2006FAF58 /* AuthService.swift */,
			);
			name = "Firebase Helper";
			sourceTree = "<group>";
		};
		5528F83223077AB1006FAF58 /* User Model */ = {
			isa = PBXGroup;
			children = (
				5528F83323077AC3006FAF58 /* User.swift */,
				55955A4C23161F0900181C1C /* SymptomsModel.swift */,
			);
			path = "User Model";
			sourceTree = "<group>";
		};
		5528F837230A6BA2006FAF58 /* NewUserViewController */ = {
			isa = PBXGroup;
			children = (
				5528F838230A6BD6006FAF58 /* NewUserDefaultViewController.swift */,
				5528F83A230CB80C006FAF58 /* UserInfoViewController.swift */,
				5528F83F230CB9F4006FAF58 /* UserInfo.swift */,
				553309BB230DCAC600B9BC49 /* XIB Related Files */,
			);
			name = NewUserViewController;
			sourceTree = "<group>";
		};
		5528F83C230CB8EA006FAF58 /* UserInfo Cell */ = {
			isa = PBXGroup;
			children = (
				5528F83D230CB921006FAF58 /* GenderCollectionViewCell.swift */,
			);
			path = "UserInfo Cell";
			sourceTree = "<group>";
		};
		553309B8230DC49400B9BC49 /* XIB */ = {
			isa = PBXGroup;
			children = (
				553309B9230DC58B00B9BC49 /* UserSetUpInfo.xib */,
				55E56863230DFE28002E1767 /* nameUIView.xib */,
				55E56865230DFFEA002E1767 /* yearUIView.xib */,
				55E56869230E0333002E1767 /* emailUIView.xib */,
			);
			path = XIB;
			sourceTree = "<group>";
		};
		553309BB230DCAC600B9BC49 /* XIB Related Files */ = {
			isa = PBXGroup;
			children = (
				553309BE230DCB2800B9BC49 /* GenderCardUIView.swift */,
				553309C0230DCB4400B9BC49 /* NameCardUIView.swift */,
				55E56867230E000F002E1767 /* YearCardUIVView.swift */,
				55E5686B230E0429002E1767 /* emialCardUIView.swift */,
			);
			path = "XIB Related Files";
			sourceTree = "<group>";
		};
		5591774F2305E20500583DEC = {
			isa = PBXGroup;
			children = (
				5591775A2305E20600583DEC /* MedicalApp */,
				551F3874231812D100C605D3 /* MedicalAppTests */,
				559177592305E20600583DEC /* Products */,
				2FF8735FD4F99DE921589802 /* Pods */,
				D6CBEB74FCE66C39FE06B8D6 /* Frameworks */,
			);
			sourceTree = "<group>";
		};
		559177592305E20600583DEC /* Products */ = {
			isa = PBXGroup;
			children = (
				559177582305E20600583DEC /* MedicalApp.app */,
				551F3873231812D100C605D3 /* MedicalAppTests.xctest */,
			);
			name = Products;
			sourceTree = "<group>";
		};
		5591775A2305E20600583DEC /* MedicalApp */ = {
			isa = PBXGroup;
			children = (
				A9C8326B23CF947800FA72D2 /* Extensions */,
				5528F83223077AB1006FAF58 /* User Model */,
				5528F82D2307799E006FAF58 /* Firebase Helper */,
				5528F82323076B23006FAF58 /* Network Helper */,
				5528F82A23076D60006FAF58 /* API */,
				5528F81F23076905006FAF58 /* View Controller */,
				5528F837230A6BA2006FAF58 /* NewUserViewController */,
				553309B8230DC49400B9BC49 /* XIB */,
				5528F83C230CB8EA006FAF58 /* UserInfo Cell */,
				5528F8222307694E006FAF58 /* Cells */,
				5528F8212307693B006FAF58 /* Story Board */,
				5528F82023076922006FAF58 /* Supporting Files */,
				559177672305E20700583DEC /* Info.plist */,
				5528F82B230771C0006FAF58 /* GoogleService-Info.plist */,
			);
			path = MedicalApp;
			sourceTree = "<group>";
		};
		A9C8326B23CF947800FA72D2 /* Extensions */ = {
			isa = PBXGroup;
			children = (
				A9C8326C23CF9B7D00FA72D2 /* String+Extension.swift */,
			);
			name = Extensions;
			sourceTree = "<group>";
		};
		D6CBEB74FCE66C39FE06B8D6 /* Frameworks */ = {
			isa = PBXGroup;
			children = (
				FC990FF77DD356B1DC0631FE /* Pods_MedicalApp.framework */,
			);
			name = Frameworks;
			sourceTree = "<group>";
		};
/* End PBXGroup section */

/* Begin PBXNativeTarget section */
		551F3872231812D100C605D3 /* MedicalAppTests */ = {
			isa = PBXNativeTarget;
			buildConfigurationList = 551F387C231812D100C605D3 /* Build configuration list for PBXNativeTarget "MedicalAppTests" */;
			buildPhases = (
				551F386F231812D100C605D3 /* Sources */,
				551F3870231812D100C605D3 /* Frameworks */,
				551F3871231812D100C605D3 /* Resources */,
			);
			buildRules = (
			);
			dependencies = (
				551F3879231812D100C605D3 /* PBXTargetDependency */,
			);
			name = MedicalAppTests;
			productName = MedicalAppTests;
			productReference = 551F3873231812D100C605D3 /* MedicalAppTests.xctest */;
			productType = "com.apple.product-type.bundle.unit-test";
		};
		559177572305E20600583DEC /* MedicalApp */ = {
			isa = PBXNativeTarget;
			buildConfigurationList = 5591776A2305E20700583DEC /* Build configuration list for PBXNativeTarget "MedicalApp" */;
			buildPhases = (
				BA527C866524F32F14549696 /* [CP] Check Pods Manifest.lock */,
				559177542305E20600583DEC /* Sources */,
				559177552305E20600583DEC /* Frameworks */,
				559177562305E20600583DEC /* Resources */,
				38C2881457C6EDA61E57522E /* [CP] Embed Pods Frameworks */,
			);
			buildRules = (
			);
			dependencies = (
			);
			name = MedicalApp;
			productName = MedicalApp;
			productReference = 559177582305E20600583DEC /* MedicalApp.app */;
			productType = "com.apple.product-type.application";
		};
/* End PBXNativeTarget section */

/* Begin PBXProject section */
		559177502305E20500583DEC /* Project object */ = {
			isa = PBXProject;
			attributes = {
				KnownAssetTags = (
					com.apple.gamecenter.Leaderboard,
				);
				LastSwiftUpdateCheck = 1020;
				LastUpgradeCheck = 1020;
				ORGANIZATIONNAME = Pursuit;
				TargetAttributes = {
					551F3872231812D100C605D3 = {
						CreatedOnToolsVersion = 10.2;
						TestTargetID = 559177572305E20600583DEC;
					};
					559177572305E20600583DEC = {
						CreatedOnToolsVersion = 10.2;
					};
				};
			};
			buildConfigurationList = 559177532305E20500583DEC /* Build configuration list for PBXProject "MedicalApp" */;
			compatibilityVersion = "Xcode 9.3";
			developmentRegion = en;
			hasScannedForEncodings = 0;
			knownRegions = (
				en,
				Base,
			);
			mainGroup = 5591774F2305E20500583DEC;
			productRefGroup = 559177592305E20600583DEC /* Products */;
			projectDirPath = "";
			projectRoot = "";
			targets = (
				559177572305E20600583DEC /* MedicalApp */,
				551F3872231812D100C605D3 /* MedicalAppTests */,
			);
		};
/* End PBXProject section */

/* Begin PBXResourcesBuildPhase section */
		551F3871231812D100C605D3 /* Resources */ = {
			isa = PBXResourcesBuildPhase;
			buildActionMask = 2147483647;
			files = (
			);
			runOnlyForDeploymentPostprocessing = 0;
		};
		559177562305E20600583DEC /* Resources */ = {
			isa = PBXResourcesBuildPhase;
			buildActionMask = 2147483647;
			files = (
				553309BA230DC58B00B9BC49 /* UserSetUpInfo.xib in Resources */,
				55E5686A230E0333002E1767 /* emailUIView.xib in Resources */,
				5528F82C230771C0006FAF58 /* GoogleService-Info.plist in Resources */,
				5528F83623078027006FAF58 /* NewUser.storyboard in Resources */,
				55E56866230DFFEA002E1767 /* yearUIView.xib in Resources */,
				55E56864230DFE28002E1767 /* nameUIView.xib in Resources */,
				559177662305E20700583DEC /* LaunchScreen.storyboard in Resources */,
				559177632305E20700583DEC /* Assets.xcassets in Resources */,
				559177612305E20600583DEC /* Main.storyboard in Resources */,
			);
			runOnlyForDeploymentPostprocessing = 0;
		};
/* End PBXResourcesBuildPhase section */

/* Begin PBXShellScriptBuildPhase section */
		38C2881457C6EDA61E57522E /* [CP] Embed Pods Frameworks */ = {
			isa = PBXShellScriptBuildPhase;
			buildActionMask = 2147483647;
			files = (
			);
			inputFileListPaths = (
			);
			inputPaths = (
				"${PODS_ROOT}/Target Support Files/Pods-MedicalApp/Pods-MedicalApp-frameworks.sh",
				"${BUILT_PRODUCTS_DIR}/GTMSessionFetcher/GTMSessionFetcher.framework",
				"${BUILT_PRODUCTS_DIR}/GoogleUtilities/GoogleUtilities.framework",
				"${BUILT_PRODUCTS_DIR}/nanopb/nanopb.framework",
			);
			name = "[CP] Embed Pods Frameworks";
			outputFileListPaths = (
			);
			outputPaths = (
				"${TARGET_BUILD_DIR}/${FRAMEWORKS_FOLDER_PATH}/GTMSessionFetcher.framework",
				"${TARGET_BUILD_DIR}/${FRAMEWORKS_FOLDER_PATH}/GoogleUtilities.framework",
				"${TARGET_BUILD_DIR}/${FRAMEWORKS_FOLDER_PATH}/nanopb.framework",
			);
			runOnlyForDeploymentPostprocessing = 0;
			shellPath = /bin/sh;
			shellScript = "\"${PODS_ROOT}/Target Support Files/Pods-MedicalApp/Pods-MedicalApp-frameworks.sh\"\n";
			showEnvVarsInLog = 0;
		};
		BA527C866524F32F14549696 /* [CP] Check Pods Manifest.lock */ = {
			isa = PBXShellScriptBuildPhase;
			buildActionMask = 2147483647;
			files = (
			);
			inputFileListPaths = (
			);
			inputPaths = (
				"${PODS_PODFILE_DIR_PATH}/Podfile.lock",
				"${PODS_ROOT}/Manifest.lock",
			);
			name = "[CP] Check Pods Manifest.lock";
			outputFileListPaths = (
			);
			outputPaths = (
				"$(DERIVED_FILE_DIR)/Pods-MedicalApp-checkManifestLockResult.txt",
			);
			runOnlyForDeploymentPostprocessing = 0;
			shellPath = /bin/sh;
			shellScript = "diff \"${PODS_PODFILE_DIR_PATH}/Podfile.lock\" \"${PODS_ROOT}/Manifest.lock\" > /dev/null\nif [ $? != 0 ] ; then\n    # print error to STDERR\n    echo \"error: The sandbox is not in sync with the Podfile.lock. Run 'pod install' or update your CocoaPods installation.\" >&2\n    exit 1\nfi\n# This output is used by Xcode 'outputs' to avoid re-running this script phase.\necho \"SUCCESS\" > \"${SCRIPT_OUTPUT_FILE_0}\"\n";
			showEnvVarsInLog = 0;
		};
/* End PBXShellScriptBuildPhase section */

/* Begin PBXSourcesBuildPhase section */
		551F386F231812D100C605D3 /* Sources */ = {
			isa = PBXSourcesBuildPhase;
			buildActionMask = 2147483647;
			files = (
				551F3876231812D100C605D3 /* MedicalAppTests.swift in Sources */,
			);
			runOnlyForDeploymentPostprocessing = 0;
		};
		559177542305E20600583DEC /* Sources */ = {
			isa = PBXSourcesBuildPhase;
			buildActionMask = 2147483647;
			files = (
				55955A4723161A8B00181C1C /* InfermedicalSearchSymptoms.swift in Sources */,
				5528F82723076D17006FAF58 /* NetworkHelper.swift in Sources */,
				553309BF230DCB2800B9BC49 /* GenderCardUIView.swift in Sources */,
				55955A432310B28600181C1C /* AccountViewController.swift in Sources */,
				A940B51C23C92CEF00E5FA21 /* HumanSymptomsCollectionViewCell.swift in Sources */,
				A9E68F8723DFFC04002D2996 /* DiagnosisViewController.swift in Sources */,
				5528F83E230CB921006FAF58 /* GenderCollectionViewCell.swift in Sources */,
				5591775E2305E20600583DEC /* ViewController.swift in Sources */,
				553309C1230DCB4400B9BC49 /* NameCardUIView.swift in Sources */,
				A9C8326D23CF9B7D00FA72D2 /* String+Extension.swift in Sources */,
				5591775C2305E20600583DEC /* AppDelegate.swift in Sources */,
				55955A5123174DB500181C1C /* HumanSymptomsTableViewCell.swift in Sources */,
				5528F82F230779C2006FAF58 /* AuthService.swift in Sources */,
				55955A4923161D8300181C1C /* SecretKey.swift in Sources */,
				5528F83B230CB80C006FAF58 /* UserInfoViewController.swift in Sources */,
				55955A4B23161E2D00181C1C /* UserBasicInfoForAPI.swift in Sources */,
				5528F82923076D5C006FAF58 /* InfermedicaDiagnosisAPI.swift in Sources */,
				5528F839230A6BD6006FAF58 /* NewUserDefaultViewController.swift in Sources */,
				55E5686C230E0429002E1767 /* emialCardUIView.swift in Sources */,
				A9E68F8523DF9C91002D2996 /* BubbleCode.swift in Sources */,
				55955A452316122C00181C1C /* SymptomsViewController.swift in Sources */,
				5528F82523076B41006FAF58 /* AppError.swift in Sources */,
				55955A4F231707E000181C1C /* SymptomsTableViewCell.swift in Sources */,
				5528F840230CB9F4006FAF58 /* UserInfo.swift in Sources */,
				55955A4D23161F0900181C1C /* SymptomsModel.swift in Sources */,
				55E56868230E000F002E1767 /* YearCardUIVView.swift in Sources */,
				5528F83423077AC3006FAF58 /* User.swift in Sources */,
			);
			runOnlyForDeploymentPostprocessing = 0;
		};
/* End PBXSourcesBuildPhase section */

/* Begin PBXTargetDependency section */
		551F3879231812D100C605D3 /* PBXTargetDependency */ = {
			isa = PBXTargetDependency;
			target = 559177572305E20600583DEC /* MedicalApp */;
			targetProxy = 551F3878231812D100C605D3 /* PBXContainerItemProxy */;
		};
/* End PBXTargetDependency section */

/* Begin PBXVariantGroup section */
		5591775F2305E20600583DEC /* Main.storyboard */ = {
			isa = PBXVariantGroup;
			children = (
				559177602305E20600583DEC /* Base */,
			);
			name = Main.storyboard;
			sourceTree = "<group>";
		};
		559177642305E20700583DEC /* LaunchScreen.storyboard */ = {
			isa = PBXVariantGroup;
			children = (
				559177652305E20700583DEC /* Base */,
			);
			name = LaunchScreen.storyboard;
			sourceTree = "<group>";
		};
/* End PBXVariantGroup section */

/* Begin XCBuildConfiguration section */
		551F387A231812D100C605D3 /* Debug */ = {
			isa = XCBuildConfiguration;
			buildSettings = {
				BUNDLE_LOADER = "$(TEST_HOST)";
				CODE_SIGN_STYLE = Automatic;
				DEVELOPMENT_TEAM = RFPRDQU6MN;
				INFOPLIST_FILE = MedicalAppTests/Info.plist;
				LD_RUNPATH_SEARCH_PATHS = (
					"$(inherited)",
					"@executable_path/Frameworks",
					"@loader_path/Frameworks",
				);
				PRODUCT_BUNDLE_IDENTIFIER = "Antonio-Flores.MedicalAppTests";
				PRODUCT_NAME = "$(TARGET_NAME)";
				SWIFT_VERSION = 5.0;
				TARGETED_DEVICE_FAMILY = "1,2";
				TEST_HOST = "$(BUILT_PRODUCTS_DIR)/MedicalApp.app/MedicalApp";
			};
			name = Debug;
		};
		551F387B231812D100C605D3 /* Release */ = {
			isa = XCBuildConfiguration;
			buildSettings = {
				BUNDLE_LOADER = "$(TEST_HOST)";
				CODE_SIGN_STYLE = Automatic;
				DEVELOPMENT_TEAM = RFPRDQU6MN;
				INFOPLIST_FILE = MedicalAppTests/Info.plist;
				LD_RUNPATH_SEARCH_PATHS = (
					"$(inherited)",
					"@executable_path/Frameworks",
					"@loader_path/Frameworks",
				);
				PRODUCT_BUNDLE_IDENTIFIER = "Antonio-Flores.MedicalAppTests";
				PRODUCT_NAME = "$(TARGET_NAME)";
				SWIFT_VERSION = 5.0;
				TARGETED_DEVICE_FAMILY = "1,2";
				TEST_HOST = "$(BUILT_PRODUCTS_DIR)/MedicalApp.app/MedicalApp";
			};
			name = Release;
		};
		559177682305E20700583DEC /* Debug */ = {
			isa = XCBuildConfiguration;
			buildSettings = {
				ALWAYS_SEARCH_USER_PATHS = NO;
				CLANG_ANALYZER_NONNULL = YES;
				CLANG_ANALYZER_NUMBER_OBJECT_CONVERSION = YES_AGGRESSIVE;
				CLANG_CXX_LANGUAGE_STANDARD = "gnu++14";
				CLANG_CXX_LIBRARY = "libc++";
				CLANG_ENABLE_MODULES = YES;
				CLANG_ENABLE_OBJC_ARC = YES;
				CLANG_ENABLE_OBJC_WEAK = YES;
				CLANG_WARN_BLOCK_CAPTURE_AUTORELEASING = YES;
				CLANG_WARN_BOOL_CONVERSION = YES;
				CLANG_WARN_COMMA = YES;
				CLANG_WARN_CONSTANT_CONVERSION = YES;
				CLANG_WARN_DEPRECATED_OBJC_IMPLEMENTATIONS = YES;
				CLANG_WARN_DIRECT_OBJC_ISA_USAGE = YES_ERROR;
				CLANG_WARN_DOCUMENTATION_COMMENTS = YES;
				CLANG_WARN_EMPTY_BODY = YES;
				CLANG_WARN_ENUM_CONVERSION = YES;
				CLANG_WARN_INFINITE_RECURSION = YES;
				CLANG_WARN_INT_CONVERSION = YES;
				CLANG_WARN_NON_LITERAL_NULL_CONVERSION = YES;
				CLANG_WARN_OBJC_IMPLICIT_RETAIN_SELF = YES;
				CLANG_WARN_OBJC_LITERAL_CONVERSION = YES;
				CLANG_WARN_OBJC_ROOT_CLASS = YES_ERROR;
				CLANG_WARN_RANGE_LOOP_ANALYSIS = YES;
				CLANG_WARN_STRICT_PROTOTYPES = YES;
				CLANG_WARN_SUSPICIOUS_MOVE = YES;
				CLANG_WARN_UNGUARDED_AVAILABILITY = YES_AGGRESSIVE;
				CLANG_WARN_UNREACHABLE_CODE = YES;
				CLANG_WARN__DUPLICATE_METHOD_MATCH = YES;
				CODE_SIGN_IDENTITY = "iPhone Developer";
				COPY_PHASE_STRIP = NO;
				DEBUG_INFORMATION_FORMAT = dwarf;
				ENABLE_STRICT_OBJC_MSGSEND = YES;
				ENABLE_TESTABILITY = YES;
				GCC_C_LANGUAGE_STANDARD = gnu11;
				GCC_DYNAMIC_NO_PIC = NO;
				GCC_NO_COMMON_BLOCKS = YES;
				GCC_OPTIMIZATION_LEVEL = 0;
				GCC_PREPROCESSOR_DEFINITIONS = (
					"DEBUG=1",
					"$(inherited)",
				);
				GCC_WARN_64_TO_32_BIT_CONVERSION = YES;
				GCC_WARN_ABOUT_RETURN_TYPE = YES_ERROR;
				GCC_WARN_UNDECLARED_SELECTOR = YES;
				GCC_WARN_UNINITIALIZED_AUTOS = YES_AGGRESSIVE;
				GCC_WARN_UNUSED_FUNCTION = YES;
				GCC_WARN_UNUSED_VARIABLE = YES;
				IPHONEOS_DEPLOYMENT_TARGET = 12.2;
				MTL_ENABLE_DEBUG_INFO = INCLUDE_SOURCE;
				MTL_FAST_MATH = YES;
				ONLY_ACTIVE_ARCH = YES;
				SDKROOT = iphoneos;
				SWIFT_ACTIVE_COMPILATION_CONDITIONS = DEBUG;
				SWIFT_OPTIMIZATION_LEVEL = "-Onone";
			};
			name = Debug;
		};
		559177692305E20700583DEC /* Release */ = {
			isa = XCBuildConfiguration;
			buildSettings = {
				ALWAYS_SEARCH_USER_PATHS = NO;
				CLANG_ANALYZER_NONNULL = YES;
				CLANG_ANALYZER_NUMBER_OBJECT_CONVERSION = YES_AGGRESSIVE;
				CLANG_CXX_LANGUAGE_STANDARD = "gnu++14";
				CLANG_CXX_LIBRARY = "libc++";
				CLANG_ENABLE_MODULES = YES;
				CLANG_ENABLE_OBJC_ARC = YES;
				CLANG_ENABLE_OBJC_WEAK = YES;
				CLANG_WARN_BLOCK_CAPTURE_AUTORELEASING = YES;
				CLANG_WARN_BOOL_CONVERSION = YES;
				CLANG_WARN_COMMA = YES;
				CLANG_WARN_CONSTANT_CONVERSION = YES;
				CLANG_WARN_DEPRECATED_OBJC_IMPLEMENTATIONS = YES;
				CLANG_WARN_DIRECT_OBJC_ISA_USAGE = YES_ERROR;
				CLANG_WARN_DOCUMENTATION_COMMENTS = YES;
				CLANG_WARN_EMPTY_BODY = YES;
				CLANG_WARN_ENUM_CONVERSION = YES;
				CLANG_WARN_INFINITE_RECURSION = YES;
				CLANG_WARN_INT_CONVERSION = YES;
				CLANG_WARN_NON_LITERAL_NULL_CONVERSION = YES;
				CLANG_WARN_OBJC_IMPLICIT_RETAIN_SELF = YES;
				CLANG_WARN_OBJC_LITERAL_CONVERSION = YES;
				CLANG_WARN_OBJC_ROOT_CLASS = YES_ERROR;
				CLANG_WARN_RANGE_LOOP_ANALYSIS = YES;
				CLANG_WARN_STRICT_PROTOTYPES = YES;
				CLANG_WARN_SUSPICIOUS_MOVE = YES;
				CLANG_WARN_UNGUARDED_AVAILABILITY = YES_AGGRESSIVE;
				CLANG_WARN_UNREACHABLE_CODE = YES;
				CLANG_WARN__DUPLICATE_METHOD_MATCH = YES;
				CODE_SIGN_IDENTITY = "iPhone Developer";
				COPY_PHASE_STRIP = NO;
				DEBUG_INFORMATION_FORMAT = "dwarf-with-dsym";
				ENABLE_NS_ASSERTIONS = NO;
				ENABLE_STRICT_OBJC_MSGSEND = YES;
				GCC_C_LANGUAGE_STANDARD = gnu11;
				GCC_NO_COMMON_BLOCKS = YES;
				GCC_WARN_64_TO_32_BIT_CONVERSION = YES;
				GCC_WARN_ABOUT_RETURN_TYPE = YES_ERROR;
				GCC_WARN_UNDECLARED_SELECTOR = YES;
				GCC_WARN_UNINITIALIZED_AUTOS = YES_AGGRESSIVE;
				GCC_WARN_UNUSED_FUNCTION = YES;
				GCC_WARN_UNUSED_VARIABLE = YES;
				IPHONEOS_DEPLOYMENT_TARGET = 12.2;
				MTL_ENABLE_DEBUG_INFO = NO;
				MTL_FAST_MATH = YES;
				SDKROOT = iphoneos;
				SWIFT_COMPILATION_MODE = wholemodule;
				SWIFT_OPTIMIZATION_LEVEL = "-O";
				VALIDATE_PRODUCT = YES;
			};
			name = Release;
		};
		5591776B2305E20700583DEC /* Debug */ = {
			isa = XCBuildConfiguration;
			baseConfigurationReference = 0ECBB905A5048C03247AC47D /* Pods-MedicalApp.debug.xcconfig */;
			buildSettings = {
				ASSETCATALOG_COMPILER_APPICON_NAME = AppIcon;
				CODE_SIGN_STYLE = Automatic;
				DEVELOPMENT_TEAM = RFPRDQU6MN;
				INFOPLIST_FILE = MedicalApp/Info.plist;
				LD_RUNPATH_SEARCH_PATHS = (
					"$(inherited)",
					"@executable_path/Frameworks",
				);
				PRODUCT_BUNDLE_IDENTIFIER = "Antonio-Flores.MedicalApp";
				PRODUCT_NAME = "$(TARGET_NAME)";
				SWIFT_VERSION = 5.0;
				TARGETED_DEVICE_FAMILY = "1,2";
			};
			name = Debug;
		};
		5591776C2305E20700583DEC /* Release */ = {
			isa = XCBuildConfiguration;
			baseConfigurationReference = 1A308C3AB6AB8F973B7ACAD8 /* Pods-MedicalApp.release.xcconfig */;
			buildSettings = {
				ASSETCATALOG_COMPILER_APPICON_NAME = AppIcon;
				CODE_SIGN_STYLE = Automatic;
				DEVELOPMENT_TEAM = RFPRDQU6MN;
				INFOPLIST_FILE = MedicalApp/Info.plist;
				LD_RUNPATH_SEARCH_PATHS = (
					"$(inherited)",
					"@executable_path/Frameworks",
				);
				PRODUCT_BUNDLE_IDENTIFIER = "Antonio-Flores.MedicalApp";
				PRODUCT_NAME = "$(TARGET_NAME)";
				SWIFT_VERSION = 5.0;
				TARGETED_DEVICE_FAMILY = "1,2";
			};
			name = Release;
		};
/* End XCBuildConfiguration section */

/* Begin XCConfigurationList section */
		551F387C231812D100C605D3 /* Build configuration list for PBXNativeTarget "MedicalAppTests" */ = {
			isa = XCConfigurationList;
			buildConfigurations = (
				551F387A231812D100C605D3 /* Debug */,
				551F387B231812D100C605D3 /* Release */,
			);
			defaultConfigurationIsVisible = 0;
			defaultConfigurationName = Release;
		};
		559177532305E20500583DEC /* Build configuration list for PBXProject "MedicalApp" */ = {
			isa = XCConfigurationList;
			buildConfigurations = (
				559177682305E20700583DEC /* Debug */,
				559177692305E20700583DEC /* Release */,
			);
			defaultConfigurationIsVisible = 0;
			defaultConfigurationName = Release;
		};
		5591776A2305E20700583DEC /* Build configuration list for PBXNativeTarget "MedicalApp" */ = {
			isa = XCConfigurationList;
			buildConfigurations = (
				5591776B2305E20700583DEC /* Debug */,
				5591776C2305E20700583DEC /* Release */,
			);
			defaultConfigurationIsVisible = 0;
			defaultConfigurationName = Release;
		};
/* End XCConfigurationList section */
	};
	rootObject = 559177502305E20500583DEC /* Project object */;
}
